
Microsoft Visual Studio Solution File, Format Version 12.00
# Visual Studio 15
VisualStudioVersion = 15.0.28307.1738
MinimumVisualStudioVersion = 10.0.40219.1
Project("{8BC9CEB8-8B4A-11D0-8D11-00A0C91BC942}") = "qssh", "qssh\qssh.vcxproj", "{992E4912-7CAF-4272-9AA5-742546A41775}"
EndProject
Project("{8BC9CEB8-8B4A-11D0-8D11-00A0C91BC942}") = "botan", "botan\botan.vcxproj", "{701E22E0-602B-49CB-BE72-0DDBBBBCE9A5}"
EndProject
Project("{8BC9CEB8-8B4A-11D0-8D11-00A0C91BC942}") = "SecureUploader", "SecureUploader\SecureUploader.vcxproj", "{B690DF0A-D57F-4229-80C5-179A44AB6B0E}"
EndProject
Global
	GlobalSection(SolutionConfigurationPlatforms) = preSolution
		Debug|x64 = Debug|x64
		Debug|x86 = Debug|x86
		Release|x64 = Release|x64
		Release|x86 = Release|x86
	EndGlobalSection
	GlobalSection(ProjectConfigurationPlatforms) = postSolution
		{992E4912-7CAF-4272-9AA5-742546A41775}.Debug|x64.ActiveCfg = Debug|Win32
		{992E4912-7CAF-4272-9AA5-742546A41775}.Debug|x86.ActiveCfg = Debug|Win32
		{992E4912-7CAF-4272-9AA5-742546A41775}.Debug|x86.Build.0 = Debug|Win32
		{992E4912-7CAF-4272-9AA5-742546A41775}.Release|x64.ActiveCfg = Release|Win32
		{992E4912-7CAF-4272-9AA5-742546A41775}.Release|x86.ActiveCfg = Release|Win32
		{992E4912-7CAF-4272-9AA5-742546A41775}.Release|x86.Build.0 = Release|Win32
		{701E22E0-602B-49CB-BE72-0DDBBBBCE9A5}.Debug|x64.ActiveCfg = Debug|Win32
		{701E22E0-602B-49CB-BE72-0DDBBBBCE9A5}.Debug|x86.ActiveCfg = Debug|Win32
		{701E22E0-602B-49CB-BE72-0DDBBBBCE9A5}.Debug|x86.Build.0 = Debug|Win32
		{701E22E0-602B-49CB-BE72-0DDBBBBCE9A5}.Release|x64.ActiveCfg = Release|Win32
		{701E22E0-602B-49CB-BE72-0DDBBBBCE9A5}.Release|x86.ActiveCfg = Release|Win32
		{701E22E0-602B-49CB-BE72-0DDBBBBCE9A5}.Release|x86.Build.0 = Release|Win32
		{B690DF0A-D57F-4229-80C5-179A44AB6B0E}.Debug|x64.ActiveCfg = Debug|Win32
		{B690DF0A-D57F-4229-80C5-179A44AB6B0E}.Debug|x86.ActiveCfg = Debug|Win32
		{B690DF0A-D57F-4229-80C5-179A44AB6B0E}.Debug|x86.Build.0 = Debug|Win32
		{B690DF0A-D57F-4229-80C5-179A44AB6B0E}.Release|x64.ActiveCfg = Release|Win32
		{B690DF0A-D57F-4229-80C5-179A44AB6B0E}.Release|x86.ActiveCfg = Release|Win32
		{B690DF0A-D57F-4229-80C5-179A44AB6B0E}.Release|x86.Build.0 = Release|Win32
	EndGlobalSection
	GlobalSection(SolutionProperties) = preSolution
		HideSolutionNode = FALSE
	EndGlobalSection
	GlobalSection(ExtensibilityGlobals) = postSolution
		SolutionGuid = {F0F9C72C-E8FA-4ECB-BD6A-73CCA267B3A7}
	EndGlobalSection
EndGlobal
